// !$*UTF8*$!
{
	archiveVersion = 1;
	classes = {
	};
	objectVersion = 50;
	objects = {

/* Begin PBXBuildFile section */
		FA6B4F5221A3333F0098310D /* IntInf.cpp in Sources */ = {isa = PBXBuildFile; fileRef = FA6B4F5021A3333F0098310D /* IntInf.cpp */; };
		FA6B4F5421A355030098310D /* IntInf_tester.cpp in Sources */ = {isa = PBXBuildFile; fileRef = FA6B4F5321A355030098310D /* IntInf_tester.cpp */; };
		FABC96E0217045A90071CE63 /* IntArray.h in Sources */ = {isa = PBXBuildFile; fileRef = FABC96DA21702B6E0071CE63 /* IntArray.h */; };
/* End PBXBuildFile section */

/* Begin PBXCopyFilesBuildPhase section */
		FA3853EF214757B600F61559 /* CopyFiles */ = {
			isa = PBXCopyFilesBuildPhase;
			buildActionMask = 2147483647;
			dstPath = /usr/share/man/man1/;
			dstSubfolderSpec = 0;
			files = (
			);
			runOnlyForDeploymentPostprocessing = 1;
		};
/* End PBXCopyFilesBuildPhase section */

/* Begin PBXFileReference section */
		FA321420216E877400AD8C32 /* BinaryTree.cpp */ = {isa = PBXFileReference; lastKnownFileType = sourcecode.cpp.cpp; path = BinaryTree.cpp; sourceTree = "<group>"; };
		FA322DC2215C6EA30011A96E /* PlistTest.cpp */ = {isa = PBXFileReference; lastKnownFileType = sourcecode.cpp.cpp; path = PlistTest.cpp; sourceTree = "<group>"; };
		FA3853F1214757B600F61559 /* ECE309Tester */ = {isa = PBXFileReference; explicitFileType = "compiled.mach-o.executable"; includeInIndex = 0; path = ECE309Tester; sourceTree = BUILT_PRODUCTS_DIR; };
		FA3853FB21475D2900F61559 /* test.cpp */ = {isa = PBXFileReference; fileEncoding = 4; lastKnownFileType = sourcecode.cpp.cpp; name = test.cpp; path = "../../ece309-fall18-unityid/lib/test.cpp"; sourceTree = "<group>"; };
		FA3853FD21475D2900F61559 /* newfile2.cpp */ = {isa = PBXFileReference; fileEncoding = 4; lastKnownFileType = sourcecode.cpp.cpp; name = newfile2.cpp; path = "../../ece309-fall18-unityid/lib/newfile2.cpp"; sourceTree = "<group>"; };
		FA3853FE21475D2900F61559 /* StringArrayList.cpp */ = {isa = PBXFileReference; fileEncoding = 4; lastKnownFileType = sourcecode.cpp.cpp; name = StringArrayList.cpp; path = "../../ece309-fall18-unityid/lib/StringArrayList.cpp"; sourceTree = "<group>"; };
		FA3853FF21475D2900F61559 /* Stringlist.cpp */ = {isa = PBXFileReference; fileEncoding = 4; lastKnownFileType = sourcecode.cpp.cpp; name = Stringlist.cpp; path = "../../ece309-fall18-unityid/lib/Stringlist.cpp"; sourceTree = "<group>"; };
		FA6B4F5021A3333F0098310D /* IntInf.cpp */ = {isa = PBXFileReference; lastKnownFileType = sourcecode.cpp.cpp; path = IntInf.cpp; sourceTree = "<group>"; };
		FA6B4F5121A3333F0098310D /* IntInf.hpp */ = {isa = PBXFileReference; lastKnownFileType = sourcecode.cpp.h; path = IntInf.hpp; sourceTree = "<group>"; };
		FA6B4F5321A355030098310D /* IntInf_tester.cpp */ = {isa = PBXFileReference; lastKnownFileType = sourcecode.cpp.cpp; path = IntInf_tester.cpp; sourceTree = "<group>"; };
		FA966392215BE4C600D26DF8 /* PList.cpp */ = {isa = PBXFileReference; lastKnownFileType = sourcecode.cpp.cpp; path = PList.cpp; sourceTree = "<group>"; };
		FA966393215BE4C600D26DF8 /* PList.h */ = {isa = PBXFileReference; lastKnownFileType = sourcecode.c.h; path = PList.h; sourceTree = "<group>"; };
		FA9EE88D214F60D100E44F81 /* TucksListObject.cpp */ = {isa = PBXFileReference; lastKnownFileType = sourcecode.cpp.cpp; path = TucksListObject.cpp; sourceTree = "<group>"; };
		FABC96D4216FC9B50071CE63 /* IntegerSetArray.h */ = {isa = PBXFileReference; lastKnownFileType = sourcecode.c.h; path = IntegerSetArray.h; sourceTree = "<group>"; };
		FABC96D5216FC9DD0071CE63 /* Homework_05_1_Main.cpp */ = {isa = PBXFileReference; lastKnownFileType = sourcecode.cpp.cpp; path = Homework_05_1_Main.cpp; sourceTree = "<group>"; };
		FABC96DA21702B6E0071CE63 /* IntArray.h */ = {isa = PBXFileReference; lastKnownFileType = sourcecode.c.h; path = IntArray.h; sourceTree = "<group>"; };
		FABC96DC21702BD10071CE63 /* Homework_02_2_Main.cpp */ = {isa = PBXFileReference; lastKnownFileType = sourcecode.cpp.cpp; path = Homework_02_2_Main.cpp; sourceTree = "<group>"; };
		FAC3224D2177E8CA00F5C488 /* Homework6.cpp */ = {isa = PBXFileReference; lastKnownFileType = sourcecode.cpp.cpp; path = Homework6.cpp; sourceTree = "<group>"; };
		FAC3224E2177E8CA00F5C488 /* Homework6.hpp */ = {isa = PBXFileReference; lastKnownFileType = sourcecode.cpp.h; path = Homework6.hpp; sourceTree = "<group>"; };
		FAC322522177E9FF00F5C488 /* IntergerSet.cpp */ = {isa = PBXFileReference; lastKnownFileType = sourcecode.cpp.cpp; path = IntergerSet.cpp; sourceTree = "<group>"; };
		FAC322532177E9FF00F5C488 /* IntegerSet.h */ = {isa = PBXFileReference; lastKnownFileType = sourcecode.c.h; path = IntegerSet.h; sourceTree = "<group>"; };
		FAC322582177EBBF00F5C488 /* Main.cpp */ = {isa = PBXFileReference; lastKnownFileType = sourcecode.cpp.cpp; path = Main.cpp; sourceTree = "<group>"; };
		FAD2C0702197A3DA0035EE9B /* Test2.cpp */ = {isa = PBXFileReference; lastKnownFileType = sourcecode.cpp.cpp; path = Test2.cpp; sourceTree = "<group>"; };
		FAD2C0722198BA930035EE9B /* binarySearchTree.h */ = {isa = PBXFileReference; lastKnownFileType = sourcecode.c.h; path = binarySearchTree.h; sourceTree = "<group>"; };
		FAD2C0732198BAD70035EE9B /* binarySearchTree.cpp */ = {isa = PBXFileReference; lastKnownFileType = sourcecode.cpp.cpp; path = binarySearchTree.cpp; sourceTree = "<group>"; };
		FAE310282188C92000A9635C /* MaxHeap.cpp */ = {isa = PBXFileReference; lastKnownFileType = sourcecode.cpp.cpp; path = MaxHeap.cpp; sourceTree = "<group>"; };
		FAE310292188C92000A9635C /* MaxHeap.hpp */ = {isa = PBXFileReference; lastKnownFileType = sourcecode.cpp.h; path = MaxHeap.hpp; sourceTree = "<group>"; };
/* End PBXFileReference section */

/* Begin PBXFrameworksBuildPhase section */
		FA3853EE214757B600F61559 /* Frameworks */ = {
			isa = PBXFrameworksBuildPhase;
			buildActionMask = 2147483647;
			files = (
			);
			runOnlyForDeploymentPostprocessing = 0;
		};
/* End PBXFrameworksBuildPhase section */

/* Begin PBXGroup section */
		FA321422216E883E00AD8C32 /* Binary Trees */ = {
			isa = PBXGroup;
			children = (
				FA321420216E877400AD8C32 /* BinaryTree.cpp */,
			);
			path = "Binary Trees";
			sourceTree = "<group>";
		};
		FA322DC4215C782B0011A96E /* Homework4 */ = {
			isa = PBXGroup;
			children = (
				FA966392215BE4C600D26DF8 /* PList.cpp */,
				FA966393215BE4C600D26DF8 /* PList.h */,
				FA322DC2215C6EA30011A96E /* PlistTest.cpp */,
			);
			path = Homework4;
			sourceTree = "<group>";
		};
		FA3853E8214757B600F61559 = {
			isa = PBXGroup;
			children = (
				FA6B4F4C21A332770098310D /* Homework_10 */,
				FAD2C06F2197A3C70035EE9B /* StudyTest2 */,
				FAE310272188C8D700A9635C /* Homework_07 */,
				FAC322512177E9E100F5C488 /* TuckLect11 */,
				FAC322502177E9CA00F5C488 /* Homework6 */,
				FABC96D1216FADD60071CE63 /* Homework_05 */,
				FA321422216E883E00AD8C32 /* Binary Trees */,
				FA3853F3214757B600F61559 /* ECE309Tester */,
				FA3853F2214757B600F61559 /* Extras */,
				FA322DC4215C782B0011A96E /* Homework4 */,
			);
			sourceTree = "<group>";
		};
		FA3853F2214757B600F61559 /* Extras */ = {
			isa = PBXGroup;
			children = (
				FA9EE88D214F60D100E44F81 /* TucksListObject.cpp */,
				FA3853F1214757B600F61559 /* ECE309Tester */,
			);
			name = Extras;
			sourceTree = "<group>";
		};
		FA3853F3214757B600F61559 /* ECE309Tester */ = {
			isa = PBXGroup;
			children = (
				FA3853FB21475D2900F61559 /* test.cpp */,
				FA3853FE21475D2900F61559 /* StringArrayList.cpp */,
				FA3853FD21475D2900F61559 /* newfile2.cpp */,
				FA3853FF21475D2900F61559 /* Stringlist.cpp */,
			);
			path = ECE309Tester;
			sourceTree = "<group>";
		};
		FA6B4F4C21A332770098310D /* Homework_10 */ = {
			isa = PBXGroup;
			children = (
				FA6B4F5021A3333F0098310D /* IntInf.cpp */,
				FA6B4F5121A3333F0098310D /* IntInf.hpp */,
				FA6B4F5321A355030098310D /* IntInf_tester.cpp */,
			);
			path = Homework_10;
			sourceTree = "<group>";
		};
		FABC96D1216FADD60071CE63 /* Homework_05 */ = {
			isa = PBXGroup;
			children = (
				FABC96D821702B5B0071CE63 /* Problem 2 */,
				FABC96D721702A2C0071CE63 /* Problem 1 */,
			);
			path = Homework_05;
			sourceTree = "<group>";
		};
		FABC96D721702A2C0071CE63 /* Problem 1 */ = {
			isa = PBXGroup;
			children = (
				FABC96D4216FC9B50071CE63 /* IntegerSetArray.h */,
				FABC96D5216FC9DD0071CE63 /* Homework_05_1_Main.cpp */,
			);
			path = "Problem 1";
			sourceTree = "<group>";
		};
		FABC96D821702B5B0071CE63 /* Problem 2 */ = {
			isa = PBXGroup;
			children = (
				FABC96DA21702B6E0071CE63 /* IntArray.h */,
				FABC96DC21702BD10071CE63 /* Homework_02_2_Main.cpp */,
			);
			path = "Problem 2";
			sourceTree = "<group>";
		};
		FAC322502177E9CA00F5C488 /* Homework6 */ = {
			isa = PBXGroup;
			children = (
				FAC3224D2177E8CA00F5C488 /* Homework6.cpp */,
				FAC3224E2177E8CA00F5C488 /* Homework6.hpp */,
			);
			path = Homework6;
			sourceTree = "<group>";
		};
		FAC322512177E9E100F5C488 /* TuckLect11 */ = {
			isa = PBXGroup;
			children = (
				FAC322522177E9FF00F5C488 /* IntergerSet.cpp */,
				FAC322532177E9FF00F5C488 /* IntegerSet.h */,
				FAC322582177EBBF00F5C488 /* Main.cpp */,
			);
			path = TuckLect11;
			sourceTree = "<group>";
		};
		FAD2C06F2197A3C70035EE9B /* StudyTest2 */ = {
			isa = PBXGroup;
			children = (
				FAD2C0702197A3DA0035EE9B /* Test2.cpp */,
				FAD2C0722198BA930035EE9B /* binarySearchTree.h */,
				FAD2C0732198BAD70035EE9B /* binarySearchTree.cpp */,
			);
			path = StudyTest2;
			sourceTree = "<group>";
		};
		FAE310272188C8D700A9635C /* Homework_07 */ = {
			isa = PBXGroup;
			children = (
				FAE310282188C92000A9635C /* MaxHeap.cpp */,
				FAE310292188C92000A9635C /* MaxHeap.hpp */,
			);
			path = Homework_07;
			sourceTree = "<group>";
		};
/* End PBXGroup section */

/* Begin PBXNativeTarget section */
		FA3853F0214757B600F61559 /* ECE309Tester */ = {
			isa = PBXNativeTarget;
			buildConfigurationList = FA3853F8214757B600F61559 /* Build configuration list for PBXNativeTarget "ECE309Tester" */;
			buildPhases = (
				FA3853ED214757B600F61559 /* Sources */,
				FA3853EE214757B600F61559 /* Frameworks */,
				FA3853EF214757B600F61559 /* CopyFiles */,
			);
			buildRules = (
			);
			dependencies = (
			);
			name = ECE309Tester;
			productName = ECE309Tester;
			productReference = FA3853F1214757B600F61559 /* ECE309Tester */;
			productType = "com.apple.product-type.tool";
		};
/* End PBXNativeTarget section */

/* Begin PBXProject section */
		FA3853E9214757B600F61559 /* Project object */ = {
			isa = PBXProject;
			attributes = {
				LastUpgradeCheck = 0940;
				ORGANIZATIONNAME = "Christian Burke";
				TargetAttributes = {
					FA3853F0214757B600F61559 = {
						CreatedOnToolsVersion = 9.4.1;
						LastSwiftMigration = 1010;
					};
				};
			};
			buildConfigurationList = FA3853EC214757B600F61559 /* Build configuration list for PBXProject "ECE309Tester" */;
			compatibilityVersion = "Xcode 9.3";
			developmentRegion = en;
			hasScannedForEncodings = 0;
			knownRegions = (
				en,
			);
			mainGroup = FA3853E8214757B600F61559;
			productRefGroup = FA3853F2214757B600F61559 /* Extras */;
			projectDirPath = "";
			projectRoot = "";
			targets = (
				FA3853F0214757B600F61559 /* ECE309Tester */,
			);
		};
/* End PBXProject section */

/* Begin PBXSourcesBuildPhase section */
		FA3853ED214757B600F61559 /* Sources */ = {
			isa = PBXSourcesBuildPhase;
			buildActionMask = 2147483647;
			files = (
				FA6B4F5221A3333F0098310D /* IntInf.cpp in Sources */,
				FA6B4F5421A355030098310D /* IntInf_tester.cpp in Sources */,
				FABC96E0217045A90071CE63 /* IntArray.h in Sources */,
			);
			runOnlyForDeploymentPostprocessing = 0;
		};
/* End PBXSourcesBuildPhase section */

/* Begin XCBuildConfiguration section */
		FA3853F6214757B600F61559 /* Debug */ = {
			isa = XCBuildConfiguration;
			buildSettings = {
				ALWAYS_SEARCH_USER_PATHS = NO;
				CLANG_ANALYZER_NONNULL = YES;
				CLANG_ANALYZER_NUMBER_OBJECT_CONVERSION = YES_AGGRESSIVE;
				CLANG_CXX_LANGUAGE_STANDARD = "gnu++14";
				CLANG_CXX_LIBRARY = "libc++";
				CLANG_ENABLE_MODULES = YES;
				CLANG_ENABLE_OBJC_ARC = YES;
				CLANG_ENABLE_OBJC_WEAK = YES;
				CLANG_WARN_BLOCK_CAPTURE_AUTORELEASING = YES;
				CLANG_WARN_BOOL_CONVERSION = YES;
				CLANG_WARN_COMMA = YES;
				CLANG_WARN_CONSTANT_CONVERSION = YES;
				CLANG_WARN_DEPRECATED_OBJC_IMPLEMENTATIONS = YES;
				CLANG_WARN_DIRECT_OBJC_ISA_USAGE = YES_ERROR;
				CLANG_WARN_DOCUMENTATION_COMMENTS = YES;
				CLANG_WARN_EMPTY_BODY = YES;
				CLANG_WARN_ENUM_CONVERSION = YES;
				CLANG_WARN_INFINITE_RECURSION = YES;
				CLANG_WARN_INT_CONVERSION = YES;
				CLANG_WARN_NON_LITERAL_NULL_CONVERSION = YES;
				CLANG_WARN_OBJC_IMPLICIT_RETAIN_SELF = YES;
				CLANG_WARN_OBJC_LITERAL_CONVERSION = YES;
				CLANG_WARN_OBJC_ROOT_CLASS = YES_ERROR;
				CLANG_WARN_RANGE_LOOP_ANALYSIS = YES;
				CLANG_WARN_STRICT_PROTOTYPES = YES;
				CLANG_WARN_SUSPICIOUS_MOVE = YES;
				CLANG_WARN_UNGUARDED_AVAILABILITY = YES_AGGRESSIVE;
				CLANG_WARN_UNREACHABLE_CODE = YES;
				CLANG_WARN__DUPLICATE_METHOD_MATCH = YES;
				CODE_SIGN_IDENTITY = "Mac Developer";
				COPY_PHASE_STRIP = NO;
				DEBUG_INFORMATION_FORMAT = dwarf;
				ENABLE_STRICT_OBJC_MSGSEND = YES;
				ENABLE_TESTABILITY = YES;
				GCC_C_LANGUAGE_STANDARD = gnu11;
				GCC_DYNAMIC_NO_PIC = NO;
				GCC_NO_COMMON_BLOCKS = YES;
				GCC_OPTIMIZATION_LEVEL = 0;
				GCC_PREPROCESSOR_DEFINITIONS = (
					"DEBUG=1",
					"$(inherited)",
				);
				GCC_WARN_64_TO_32_BIT_CONVERSION = YES;
				GCC_WARN_ABOUT_RETURN_TYPE = YES_ERROR;
				GCC_WARN_UNDECLARED_SELECTOR = YES;
				GCC_WARN_UNINITIALIZED_AUTOS = YES_AGGRESSIVE;
				GCC_WARN_UNUSED_FUNCTION = YES;
				GCC_WARN_UNUSED_VARIABLE = YES;
				MACOSX_DEPLOYMENT_TARGET = 10.13;
				MTL_ENABLE_DEBUG_INFO = YES;
				ONLY_ACTIVE_ARCH = YES;
				SDKROOT = macosx;
			};
			name = Debug;
		};
		FA3853F7214757B600F61559 /* Release */ = {
			isa = XCBuildConfiguration;
			buildSettings = {
				ALWAYS_SEARCH_USER_PATHS = NO;
				CLANG_ANALYZER_NONNULL = YES;
				CLANG_ANALYZER_NUMBER_OBJECT_CONVERSION = YES_AGGRESSIVE;
				CLANG_CXX_LANGUAGE_STANDARD = "gnu++14";
				CLANG_CXX_LIBRARY = "libc++";
				CLANG_ENABLE_MODULES = YES;
				CLANG_ENABLE_OBJC_ARC = YES;
				CLANG_ENABLE_OBJC_WEAK = YES;
				CLANG_WARN_BLOCK_CAPTURE_AUTORELEASING = YES;
				CLANG_WARN_BOOL_CONVERSION = YES;
				CLANG_WARN_COMMA = YES;
				CLANG_WARN_CONSTANT_CONVERSION = YES;
				CLANG_WARN_DEPRECATED_OBJC_IMPLEMENTATIONS = YES;
				CLANG_WARN_DIRECT_OBJC_ISA_USAGE = YES_ERROR;
				CLANG_WARN_DOCUMENTATION_COMMENTS = YES;
				CLANG_WARN_EMPTY_BODY = YES;
				CLANG_WARN_ENUM_CONVERSION = YES;
				CLANG_WARN_INFINITE_RECURSION = YES;
				CLANG_WARN_INT_CONVERSION = YES;
				CLANG_WARN_NON_LITERAL_NULL_CONVERSION = YES;
				CLANG_WARN_OBJC_IMPLICIT_RETAIN_SELF = YES;
				CLANG_WARN_OBJC_LITERAL_CONVERSION = YES;
				CLANG_WARN_OBJC_ROOT_CLASS = YES_ERROR;
				CLANG_WARN_RANGE_LOOP_ANALYSIS = YES;
				CLANG_WARN_STRICT_PROTOTYPES = YES;
				CLANG_WARN_SUSPICIOUS_MOVE = YES;
				CLANG_WARN_UNGUARDED_AVAILABILITY = YES_AGGRESSIVE;
				CLANG_WARN_UNREACHABLE_CODE = YES;
				CLANG_WARN__DUPLICATE_METHOD_MATCH = YES;
				CODE_SIGN_IDENTITY = "Mac Developer";
				COPY_PHASE_STRIP = NO;
				DEBUG_INFORMATION_FORMAT = "dwarf-with-dsym";
				ENABLE_NS_ASSERTIONS = NO;
				ENABLE_STRICT_OBJC_MSGSEND = YES;
				GCC_C_LANGUAGE_STANDARD = gnu11;
				GCC_NO_COMMON_BLOCKS = YES;
				GCC_WARN_64_TO_32_BIT_CONVERSION = YES;
				GCC_WARN_ABOUT_RETURN_TYPE = YES_ERROR;
				GCC_WARN_UNDECLARED_SELECTOR = YES;
				GCC_WARN_UNINITIALIZED_AUTOS = YES_AGGRESSIVE;
				GCC_WARN_UNUSED_FUNCTION = YES;
				GCC_WARN_UNUSED_VARIABLE = YES;
				MACOSX_DEPLOYMENT_TARGET = 10.13;
				MTL_ENABLE_DEBUG_INFO = NO;
				SDKROOT = macosx;
			};
			name = Release;
		};
		FA3853F9214757B600F61559 /* Debug */ = {
			isa = XCBuildConfiguration;
			buildSettings = {
				CLANG_ENABLE_MODULES = YES;
				CODE_SIGN_STYLE = Automatic;
				DEVELOPMENT_TEAM = 2T6T9M8644;
				LD_RUNPATH_SEARCH_PATHS = (
					"$(inherited)",
					"@executable_path/../Frameworks",
					"@loader_path/../Frameworks",
				);
				PRODUCT_NAME = "$(TARGET_NAME)";
				SWIFT_OBJC_BRIDGING_HEADER = "Homework_10/ECE309Tester-Bridging-Header.h";
				SWIFT_OPTIMIZATION_LEVEL = "-Onone";
				SWIFT_VERSION = 4.2;
			};
			name = Debug;
		};
		FA3853FA214757B600F61559 /* Release */ = {
			isa = XCBuildConfiguration;
			buildSettings = {
				CLANG_ENABLE_MODULES = YES;
				CODE_SIGN_STYLE = Automatic;
				DEVELOPMENT_TEAM = 2T6T9M8644;
				LD_RUNPATH_SEARCH_PATHS = (
					"$(inherited)",
					"@executable_path/../Frameworks",
					"@loader_path/../Frameworks",
				);
				PRODUCT_NAME = "$(TARGET_NAME)";
				SWIFT_OBJC_BRIDGING_HEADER = "Homework_10/ECE309Tester-Bridging-Header.h";
				SWIFT_VERSION = 4.2;
			};
			name = Release;
		};
/* End XCBuildConfiguration section */

/* Begin XCConfigurationList section */
		FA3853EC214757B600F61559 /* Build configuration list for PBXProject "ECE309Tester" */ = {
			isa = XCConfigurationList;
			buildConfigurations = (
				FA3853F6214757B600F61559 /* Debug */,
				FA3853F7214757B600F61559 /* Release */,
			);
			defaultConfigurationIsVisible = 0;
			defaultConfigurationName = Release;
		};
		FA3853F8214757B600F61559 /* Build configuration list for PBXNativeTarget "ECE309Tester" */ = {
			isa = XCConfigurationList;
			buildConfigurations = (
				FA3853F9214757B600F61559 /* Debug */,
				FA3853FA214757B600F61559 /* Release */,
			);
			defaultConfigurationIsVisible = 0;
			defaultConfigurationName = Release;
		};
/* End XCConfigurationList section */
	};
	rootObject = FA3853E9214757B600F61559 /* Project object */;
}
